{
  "name": "extension-editing",
  "version": "0.0.1",
  "lockfileVersion": 1,
  "requires": true,
  "dependencies": {
    "@types/markdown-it": {
      "version": "0.0.2",
      "resolved": "https://registry.npmjs.org/@types/markdown-it/-/markdown-it-0.0.2.tgz",
      "integrity": "sha1-XZrRnm5lCM3S8llt+G/Qqt5ZhmA=",
      "dev": true
    },
    "@types/node": {
      "version": "7.0.33",
      "resolved": "https://registry.npmjs.org/@types/node/-/node-7.0.33.tgz",
      "integrity": "sha512-8fVvl6Yyk3jZvSYxRMS9/AmZJ5RXCOP9N4xSlykyBViVESu751pxHYTN14Embn1Fem78YwEHdC7p7KGQQpwunw==",
      "dev": true
    },
    "jsonc-parser": {
      "version": "0.3.1",
      "resolved": "https://registry.npmjs.org/jsonc-parser/-/jsonc-parser-0.3.1.tgz",
      "integrity": "sha1-br9cdSJDaNSwfvTCb5Q05ldHLpU=",
      "requires": {
        "vscode-nls": "2.0.2"
      }
    },
    "markdown-it": {
      "version": "8.3.1",
      "resolved": "https://registry.npmjs.org/markdown-it/-/markdown-it-8.3.1.tgz",
      "integrity": "sha1-L0tiKUjM3Bk9ZvPKLUMSWsSscyM=",
      "requires": {
        "argparse": "1.0.9",
        "entities": "1.1.1",
        "linkify-it": "2.0.3",
        "mdurl": "1.0.1",
        "uc.micro": "1.0.3"
      },
      "dependencies": {
        "argparse": {
          "version": "1.0.9",
          "resolved": "https://registry.npmjs.org/argparse/-/argparse-1.0.9.tgz",
          "integrity": "sha1-c9g7wmP4bpf4zE9rrhsOkKfSLIY=",
          "requires": {
            "sprintf-js": "1.0.3"
          }
        },
        "entities": {
          "version": "1.1.1",
          "resolved": "https://registry.npmjs.org/entities/-/entities-1.1.1.tgz",
          "integrity": "sha1-blwtClYhtdra7O+AuQ7ftc13cvA="
        },
        "linkify-it": {
          "version": "2.0.3",
          "resolved": "https://registry.npmjs.org/linkify-it/-/linkify-it-2.0.3.tgz",
          "integrity": "sha1-2UpGSPmxwXnWT6lykSaL22zpQ08=",
          "requires": {
            "uc.micro": "1.0.3"
          }
        },
        "mdurl": {
          "version": "1.0.1",
          "resolved": "https://registry.npmjs.org/mdurl/-/mdurl-1.0.1.tgz",
          "integrity": "sha1-/oWy7HWlkDfyrf7BAP1sYBdhFS4="
        },
        "sprintf-js": {
          "version": "1.0.3",
          "resolved": "https://registry.npmjs.org/sprintf-js/-/sprintf-js-1.0.3.tgz",
          "integrity": "sha1-BOaSb2YolTVPPdAVIDYzuFcpfiw="
        },
        "uc.micro": {
          "version": "1.0.3",
          "resolved": "https://registry.npmjs.org/uc.micro/-/uc.micro-1.0.3.tgz",
          "integrity": "sha1-ftUNXg+an7ClczeSWfKndFjVAZI="
        }
      }
    },
    "parse5": {
      "version": "3.0.2",
      "resolved": "https://registry.npmjs.org/parse5/-/parse5-3.0.2.tgz",
      "integrity": "sha1-Be/1fw70V3+xRKefi5qWemzERRA=",
      "requires": {
        "@types/node": "6.0.79"
      },
      "dependencies": {
        "@types/node": {
          "version": "6.0.79",
          "resolved": "https://registry.npmjs.org/@types/node/-/node-6.0.79.tgz",
          "integrity": "sha512-7F3/P6MkTPA0QxOstRqfcnoReCUy5V/QG92cyBoZSPnqdX44L8TtNELSVfN56gAttm3YWj9cEi8FRIPVq0WmeQ=="
        }
      }
    },
    "vscode-nls": {
      "version": "2.0.2",
      "resolved": "https://registry.npmjs.org/vscode-nls/-/vscode-nls-2.0.2.tgz",
      "integrity": "sha1-gIUiOAhEuK0VNJmvXDsDkhrqAto="
    }
  }
}
