{
  "name": "vscode-html-languageserver",
  "version": "1.0.0",
  "lockfileVersion": 1,
  "requires": true,
  "dependencies": {
    "@types/mocha": {
      "version": "2.2.41",
      "resolved": "https://registry.npmjs.org/@types/mocha/-/mocha-2.2.41.tgz",
      "integrity": "sha1-4nzwgXFT658nE7LT9saPHhw8pgg=",
      "dev": true
    },
    "@types/node": {
      "version": "6.0.79",
      "resolved": "https://registry.npmjs.org/@types/node/-/node-6.0.79.tgz",
      "integrity": "sha512-7F3/P6MkTPA0QxOstRqfcnoReCUy5V/QG92cyBoZSPnqdX44L8TtNELSVfN56gAttm3YWj9cEi8FRIPVq0WmeQ==",
      "dev": true
    },
    "vscode-css-languageservice": {
      "version": "2.1.1",
      "resolved": "https://registry.npmjs.org/vscode-css-languageservice/-/vscode-css-languageservice-2.1.1.tgz",
      "integrity": "sha1-UQOPEzSWSLYRyrN5aeZ2ussliKA=",
      "requires": {
        "vscode-languageserver-types": "3.3.0",
        "vscode-nls": "2.0.2"
      },
      "dependencies": {
        "vscode-languageserver-types": {
          "version": "3.3.0",
          "resolved": "https://registry.npmjs.org/vscode-languageserver-types/-/vscode-languageserver-types-3.3.0.tgz",
          "integrity": "sha512-5BMClM4D3mRl5JlWFxIxhhJAbcVW9dFviz8ubppmG8epCTzl1bPpndcnvsjOjUlVsO9V8l8Ktklqc70Ew6soew=="
        }
      }
    },
    "vscode-html-languageservice": {
      "version": "2.0.5",
      "resolved": "https://registry.npmjs.org/vscode-html-languageservice/-/vscode-html-languageservice-2.0.5.tgz",
      "integrity": "sha1-q/9+xdD6aIRN0m2APaYMlK5iE+w=",
      "requires": {
        "vscode-languageserver-types": "3.3.0",
        "vscode-nls": "2.0.2",
        "vscode-uri": "1.0.1"
      },
      "dependencies": {
        "vscode-languageserver-types": {
          "version": "3.3.0",
          "resolved": "https://registry.npmjs.org/vscode-languageserver-types/-/vscode-languageserver-types-3.3.0.tgz",
          "integrity": "sha512-5BMClM4D3mRl5JlWFxIxhhJAbcVW9dFviz8ubppmG8epCTzl1bPpndcnvsjOjUlVsO9V8l8Ktklqc70Ew6soew=="
        }
      }
    },
    "vscode-languageserver": {
      "version": "3.3.0",
      "resolved": "https://registry.npmjs.org/vscode-languageserver/-/vscode-languageserver-3.3.0.tgz",
      "integrity": "sha512-8YvEbjl77Nl24/cgcSbQC/CPEhSoJwvLLKGJZJbIF4DsGo4jrVDbuARXfmUt9S6vCEEr++o3fbbZ17iLZ0QH0A==",
      "requires": {
        "vscode-jsonrpc": "3.3.1",
        "vscode-languageserver-types": "3.3.0"
      },
      "dependencies": {
        "vscode-jsonrpc": {
          "version": "3.3.1",
          "resolved": "https://registry.npmjs.org/vscode-jsonrpc/-/vscode-jsonrpc-3.3.1.tgz",
          "integrity": "sha512-iLlG27498AJF0j4GJ4yua7Z9bpJfLfwpAaAA9mihe6VDoYHwK8TyFgnpXdgjoTb8X9/DnzimQeg0bjIWINvPWw=="
        },
        "vscode-languageserver-types": {
          "version": "3.3.0",
          "resolved": "https://registry.npmjs.org/vscode-languageserver-types/-/vscode-languageserver-types-3.3.0.tgz",
          "integrity": "sha512-5BMClM4D3mRl5JlWFxIxhhJAbcVW9dFviz8ubppmG8epCTzl1bPpndcnvsjOjUlVsO9V8l8Ktklqc70Ew6soew=="
        }
      }
    },
    "vscode-nls": {
      "version": "2.0.2",
      "resolved": "https://registry.npmjs.org/vscode-nls/-/vscode-nls-2.0.2.tgz",
      "integrity": "sha1-gIUiOAhEuK0VNJmvXDsDkhrqAto="
    },
    "vscode-uri": {
      "version": "1.0.1",
      "resolved": "https://registry.npmjs.org/vscode-uri/-/vscode-uri-1.0.1.tgz",
      "integrity": "sha1-Eahr7+rDxKo+wIYjZRo8gabQu8g="
    }
  }
}
